{
  "name": "elan-notif",
  "version": "1.0.0",
  "lockfileVersion": 3,
  "requires": true,
  "packages": {
    "": {
      "name": "elan-notif",
      "version": "1.0.0",
      "dependencies": {
        "web-push-browser": "^1.4.2"
      }
    },
    "node_modules/web-push-browser": {
      "version": "1.4.2",
      "resolved": "https://registry.npmjs.org/web-push-browser/-/web-push-browser-1.4.2.tgz",
      "integrity": "sha512-U4gs2JdGtjJ9QAezpLLbqTBfjXWttoy0N0c+RU8wCadG074/C7TVocX92B3aYfhda1ZJzU36UOMZZIkJsuBOQg==",
      "license": "ISC"
    }
  }
}
